{
  "version": 4,
  "terraform_version": "1.13.3",
  "serial": 4,
  "lineage": "bf9e4a48-10c7-5dd8-a891-1036bb87e5b9",
  "outputs": {},
  "resources": [
    {
      "mode": "managed",
      "type": "aws_instance",
      "name": "monitoring_ec2",
      "provider": "provider[\"registry.terraform.io/hashicorp/aws\"]",
      "instances": [
        {
          "schema_version": 2,
          "attributes": {
            "ami": "ami-12345678",
            "arn": "arn:aws:ec2:us-east-1::instance/i-bc5fcda711db3cae0",
            "associate_public_ip_address": true,
            "availability_zone": "us-east-1a",
            "capacity_reservation_specification": [],
            "cpu_options": [],
            "credit_specification": [],
            "disable_api_stop": false,
            "disable_api_termination": false,
            "ebs_block_device": [],
            "ebs_optimized": false,
            "enable_primary_ipv6": null,
            "enclave_options": [],
            "ephemeral_block_device": [],
            "force_destroy": false,
            "get_password_data": false,
            "hibernation": false,
            "host_id": "",
            "host_resource_group_arn": null,
            "iam_instance_profile": "",
            "id": "i-bc5fcda711db3cae0",
            "instance_initiated_shutdown_behavior": "stop",
            "instance_lifecycle": "",
            "instance_market_options": [],
            "instance_state": "running",
            "instance_type": "t2.micro",
            "ipv6_address_count": 0,
            "ipv6_addresses": [],
            "key_name": "monitoring-key",
            "launch_template": [],
            "maintenance_options": [],
            "metadata_options": [
              {
                "http_endpoint": "enabled",
                "http_protocol_ipv6": "disabled",
                "http_put_response_hop_limit": 1,
                "http_tokens": "optional",
                "instance_metadata_tags": "disabled"
              }
            ],
            "monitoring": false,
            "network_interface": [],
            "outpost_arn": "",
            "password_data": "",
            "placement_group": "",
            "placement_group_id": "",
            "placement_partition_number": 0,
            "primary_network_interface": [
              {
                "delete_on_termination": true,
                "network_interface_id": "eni-415e817845e02de8d"
              }
            ],
            "primary_network_interface_id": "eni-415e817845e02de8d",
            "private_dns": "ip-10-9-101-95.ec2.internal",
            "private_dns_name_options": [],
            "private_ip": "10.9.101.95",
            "public_dns": "ec2-54-214-193-105.compute-1.amazonaws.com",
            "public_ip": "54.214.193.105",
            "region": "us-east-1",
            "root_block_device": [
              {
                "delete_on_termination": true,
                "device_name": "/dev/sda1",
                "encrypted": false,
                "iops": 0,
                "kms_key_id": "",
                "tags": {},
                "tags_all": {},
                "throughput": 0,
                "volume_id": "vol-0ce5cfbc569d5a463",
                "volume_size": 8,
                "volume_type": "gp2"
              }
            ],
            "secondary_private_ips": [],
            "security_groups": [],
            "source_dest_check": true,
            "spot_instance_request_id": "",
            "subnet_id": "subnet-4333bca6367b74378",
            "tags": {
              "Name": "MonitoringServer"
            },
            "tags_all": {
              "Name": "MonitoringServer"
            },
            "tenancy": "default",
            "timeouts": null,
            "user_data": null,
            "user_data_base64": null,
            "user_data_replace_on_change": false,
            "volume_tags": null,
            "vpc_security_group_ids": []
          },
          "sensitive_attributes": [],
          "identity_schema_version": 0,
          "identity": {
            "account_id": "",
            "id": "i-bc5fcda711db3cae0",
            "region": "us-east-1"
          },
          "private": "eyJlMmJmYjczMC1lY2FhLTExZTYtOGY4OC0zNDM2M2JjN2M0YzAiOnsiY3JlYXRlIjo2MDAwMDAwMDAwMDAsImRlbGV0ZSI6MTIwMDAwMDAwMDAwMCwicmVhZCI6OTAwMDAwMDAwMDAwLCJ1cGRhdGUiOjYwMDAwMDAwMDAwMH0sInNjaGVtYV92ZXJzaW9uIjoiMiJ9",
          "dependencies": [
            "aws_key_pair.monitoring_key"
          ]
        }
      ]
    },
    {
      "mode": "managed",
      "type": "aws_key_pair",
      "name": "monitoring_key",
      "provider": "provider[\"registry.terraform.io/hashicorp/aws\"]",
      "instances": [
        {
          "schema_version": 1,
          "attributes": {
            "arn": "arn:aws:ec2:us-east-1::key-pair/monitoring-key",
            "fingerprint": "f7:40:ce:bd:cf:e8:fd:72:9c:5d:69:33:ea:81:e0:9c",
            "id": "monitoring-key",
            "key_name": "monitoring-key",
            "key_name_prefix": "",
            "key_pair_id": "key-53f6b7a433a0ac0fb",
            "key_type": "",
            "public_key": "ssh-rsa AAAAB3NzaC1yc2EAAAADAQABAAABgQDOVWsgNAfNdtSSjr8hO8ZML5Oo/rlRuqaUlK4hy2L/DpsVWdBFIZ7dBjEdB+/Aovy9JychZcgBGqWL0WO5/6YJt35gPwFbPNQPyvA0dFJkFE5yZlHsFKC6fU9lQ3/ifoiDB+0ZQqNcjbwik44bfi/fzPn0xCs1YWdTSO4up7c+BCwOYmOsLEGPqPSm5KSCIEYctggDoe7iFOQBIkY4Uw+lOf+JHEWyV5UtNYilpiFrA7BGdzXXVm9kZMcuXiZ4yPDPFBaF9J/Il6k/iL8DkHqceD0Dz/SVD0pwv28fhPP/QMKIsf/kBV3ql7NEQuN6hS3GXOTKC6D0UE9jogTL0xtFAt91BZAxdDKKP1B+b9P45lGL44RjzuEVG8k30fEcYTqgee+zv9IK7brQJzJEjx07Dzzb3OuDHarogAdn+qjQ/1bIyulcf82WDI4posN2u37WmTzhZU6AuqrzabkOdGYw+jGCPCqhph1yQ8RauZyMbkUqQ/PjFAkQWqXoH9BtTO8= eu@tsm",
            "region": "us-east-1",
            "tags": null,
            "tags_all": {}
          },
          "sensitive_attributes": [],
          "identity_schema_version": 0,
          "private": "eyJzY2hlbWFfdmVyc2lvbiI6IjEifQ=="
        }
      ]
    },
    {
      "mode": "managed",
      "type": "aws_s3_bucket",
      "name": "monitoring_data",
      "provider": "provider[\"registry.terraform.io/hashicorp/aws\"]",
      "instances": [
        {
          "status": "tainted",
          "schema_version": 0,
          "attributes": {
            "acceleration_status": null,
            "acl": "private",
            "arn": null,
            "bucket": "monitoring-data",
            "bucket_domain_name": null,
            "bucket_prefix": null,
            "bucket_region": null,
            "bucket_regional_domain_name": null,
            "cors_rule": null,
            "force_destroy": false,
            "grant": [],
            "hosted_zone_id": null,
            "id": "monitoring-data",
            "lifecycle_rule": null,
            "logging": null,
            "object_lock_configuration": null,
            "object_lock_enabled": null,
            "policy": null,
            "region": "us-east-1",
            "replication_configuration": null,
            "request_payer": null,
            "server_side_encryption_configuration": null,
            "tags": null,
            "tags_all": null,
            "timeouts": null,
            "versioning": null,
            "website": null,
            "website_domain": null,
            "website_endpoint": null
          },
          "sensitive_attributes": [],
          "identity_schema_version": 0,
          "private": "eyJlMmJmYjczMC1lY2FhLTExZTYtOGY4OC0zNDM2M2JjN2M0YzAiOnsiY3JlYXRlIjoxMjAwMDAwMDAwMDAwLCJkZWxldGUiOjM2MDAwMDAwMDAwMDAsInJlYWQiOjEyMDAwMDAwMDAwMDAsInVwZGF0ZSI6MTIwMDAwMDAwMDAwMH19"
        }
      ]
    }
  ],
  "check_results": null
}
